{
  "version": "3",
  "remote": {
    "https://deno.land/std@0.140.0/_util/assert.ts": "e94f2eb37cebd7f199952e242c77654e43333c1ac4c5c700e929ea3aa5489f74",
    "https://deno.land/std@0.140.0/flags/mod.ts": "019df8a63ed24df2d10be22e8983aa9253623e871228a2f8f328ff2d0404f7ef",
    "https://deno.land/std@0.202.0/assert/assert.ts": "9a97dad6d98c238938e7540736b826440ad8c1c1e54430ca4c4e623e585607ee",
    "https://deno.land/std@0.202.0/assert/assertion_error.ts": "4d0bde9b374dfbcbe8ac23f54f567b77024fb67dbb1906a852d67fe050d42f56",
    "https://deno.land/std@0.202.0/async/deferred.ts": "42790112f36a75a57db4a96d33974a936deb7b04d25c6084a9fa8a49f135def8",
    "https://deno.land/std@0.202.0/async/delay.ts": "a6142eb44cdd856b645086af2b811b1fcce08ec06bb7d50969e6a872ee9b8659",
    "https://deno.land/std@0.202.0/bytes/bytes_list.ts": "ecf5098c230b793970f43c06e8f30d70b937c031658365aeb3de9a8ae4d406a3",
    "https://deno.land/std@0.202.0/bytes/concat.ts": "d26d6f3d7922e6d663dacfcd357563b7bf4a380ce5b9c2bbe0c8586662f25ce2",
    "https://deno.land/std@0.202.0/bytes/copy.ts": "939d89e302a9761dcf1d9c937c7711174ed74c59eef40a1e4569a05c9de88219",
    "https://deno.land/std@0.202.0/collections/_utils.ts": "5114abc026ddef71207a79609b984614e66a63a4bda17d819d56b0e72c51527e",
    "https://deno.land/std@0.202.0/collections/deep_merge.ts": "9db788ba56cb05b65c77166b789e58e125dff159b7f41bf4d19dc1cba19ecb8b",
    "https://deno.land/std@0.202.0/collections/group_by.ts": "f90f483598b38f0174f946589f3af25b1c3cf89d4f3b14d4f0fbe3aaaca0abdd",
    "https://deno.land/std@0.202.0/fmt/colors.ts": "c51c4642678eb690dcf5ffee5918b675bf01a33fba82acf303701ae1a4f8c8d9",
    "https://deno.land/std@0.202.0/fs/_util.ts": "fbf57dcdc9f7bc8128d60301eece608246971a7836a3bb1e78da75314f08b978",
    "https://deno.land/std@0.202.0/fs/exists.ts": "cb59a853d84871d87acab0e7936a4dac11282957f8e195102c5a7acb42546bb8",
    "https://deno.land/std@0.202.0/fs/expand_glob.ts": "52b8b6f5b1fa585c348250da1c80ce5d820746cb4a75d874b3599646f677d3a7",
    "https://deno.land/std@0.202.0/fs/walk.ts": "a16146724a6aaf9efdb92023a74e9805195c3469900744ce5de4113b07b29779",
    "https://deno.land/std@0.202.0/io/buf_reader.ts": "0bd8ad26255945b5f418940db23db03bee0c160dbb5ae4627e2c0be3b361df6a",
    "https://deno.land/std@0.202.0/io/buf_writer.ts": "48c33c8f00b61dcbc7958706741cec8e59810bd307bc6a326cbd474fe8346dfd",
    "https://deno.land/std@0.202.0/io/buffer.ts": "4d6883daeb2e698579c4064170515683d69f40f3de019bfe46c5cf31e74ae793",
    "https://deno.land/std@0.202.0/io/copy_n.ts": "c055296297b9d4897d90d1ac056b072dc02614e60c67f438e23fbce052ea4c69",
    "https://deno.land/std@0.202.0/io/limited_reader.ts": "1976bb087e6aab06ebd6bd511bc801da9afeda31dbee2353dfd6ec44f1402324",
    "https://deno.land/std@0.202.0/io/mod.ts": "2665bcccc1fd6e8627cca167c3e92aaecbd9897556b6f69e6d258070ef63fd9b",
    "https://deno.land/std@0.202.0/io/multi_reader.ts": "9c2a0a31686c44b277e16da1d97b4686a986edcee48409b84be25eedbc39b271",
    "https://deno.land/std@0.202.0/io/read_delim.ts": "f3aac4e09b14cbe397612e7d490f1a043edfad18865ad0b277eb144157f676fc",
    "https://deno.land/std@0.202.0/io/read_int.ts": "7cb8bcdfaf1107586c3bacc583d11c64c060196cb070bb13ae8c2061404f911f",
    "https://deno.land/std@0.202.0/io/read_lines.ts": "c526c12a20a9386dc910d500f9cdea43cba974e853397790bd146817a7eef8cc",
    "https://deno.land/std@0.202.0/io/read_long.ts": "f0aaa420e3da1261c5d33c5e729f09922f3d9fa49f046258d4ff7a00d800c71e",
    "https://deno.land/std@0.202.0/io/read_range.ts": "46a2263d0f8369b6d9abb0b25d99ceb65ff08d621fc57bcc53832e6979295043",
    "https://deno.land/std@0.202.0/io/read_short.ts": "805cb329574b850b84bf14a92c052c59b5977a492cd780c41df8ad40826c1a20",
    "https://deno.land/std@0.202.0/io/read_string_delim.ts": "5dc9f53bdf78e7d4ee1e56b9b60352238ab236a71c3e3b2a713c3d78472a53ce",
    "https://deno.land/std@0.202.0/io/slice_long_to_bytes.ts": "48d9bace92684e880e46aa4a2520fc3867f9d7ce212055f76ecc11b22f9644b7",
    "https://deno.land/std@0.202.0/io/string_reader.ts": "da0f68251b3d5b5112485dfd4d1b1936135c9b4d921182a7edaf47f74c25cc8f",
    "https://deno.land/std@0.202.0/io/string_writer.ts": "8a03c5858c24965a54c6538bed15f32a7c72f5704a12bda56f83a40e28e5433e",
    "https://deno.land/std@0.202.0/path/_basename.ts": "057d420c9049821f983f784fd87fa73ac471901fb628920b67972b0f44319343",
    "https://deno.land/std@0.202.0/path/_constants.ts": "e49961f6f4f48039c0dfed3c3f93e963ca3d92791c9d478ac5b43183413136e0",
    "https://deno.land/std@0.202.0/path/_dirname.ts": "355e297236b2218600aee7a5301b937204c62e12da9db4b0b044993d9e658395",
    "https://deno.land/std@0.202.0/path/_extname.ts": "eaaa5aae1acf1f03254d681bd6a8ce42a9cb5b7ff2213a9d4740e8ab31283664",
    "https://deno.land/std@0.202.0/path/_format.ts": "4a99270d6810f082e614309164fad75d6f1a483b68eed97c830a506cc589f8b4",
    "https://deno.land/std@0.202.0/path/_from_file_url.ts": "6eadfae2e6f63ad9ee46b26db4a1b16583055c0392acedfb50ed2fc694b6f581",
    "https://deno.land/std@0.202.0/path/_interface.ts": "6471159dfbbc357e03882c2266d21ef9afdb1e4aa771b0545e90db58a0ba314b",
    "https://deno.land/std@0.202.0/path/_is_absolute.ts": "05dac10b5e93c63198b92e3687baa2be178df5321c527dc555266c0f4f51558c",
    "https://deno.land/std@0.202.0/path/_join.ts": "815f5e85b042285175b1492dd5781240ce126c23bd97bad6b8211fe7129c538e",
    "https://deno.land/std@0.202.0/path/_normalize.ts": "a19ec8706b2707f9dd974662a5cd89fad438e62ab1857e08b314a8eb49a34d81",
    "https://deno.land/std@0.202.0/path/_os.ts": "30b0c2875f360c9296dbe6b7f2d528f0f9c741cecad2e97f803f5219e91b40a2",
    "https://deno.land/std@0.202.0/path/_parse.ts": "0f9b0ff43682dd9964eb1c4398610c4e165d8db9d3ac9d594220217adf480cfa",
    "https://deno.land/std@0.202.0/path/_relative.ts": "27bdeffb5311a47d85be26d37ad1969979359f7636c5cd9fcf05dcd0d5099dc5",
    "https://deno.land/std@0.202.0/path/_resolve.ts": "7a3616f1093735ed327e758313b79c3c04ea921808ca5f19ddf240cb68d0adf6",
    "https://deno.land/std@0.202.0/path/_to_file_url.ts": "a141e4a525303e1a3a0c0571fd024552b5f3553a2af7d75d1ff3a503dcbb66d8",
    "https://deno.land/std@0.202.0/path/_to_namespaced_path.ts": "0d5f4caa2ed98ef7a8786286df6af804b50e38859ae897b5b5b4c8c5930a75c8",
    "https://deno.land/std@0.202.0/path/_util.ts": "4e191b1bac6b3bf0c31aab42e5ca2e01a86ab5a0d2e08b75acf8585047a86221",
    "https://deno.land/std@0.202.0/path/basename.ts": "bdfa5a624c6a45564dc6758ef2077f2822978a6dbe77b0a3514f7d1f81362930",
    "https://deno.land/std@0.202.0/path/common.ts": "ee7505ab01fd22de3963b64e46cff31f40de34f9f8de1fff6a1bd2fe79380000",
    "https://deno.land/std@0.202.0/path/dirname.ts": "b6533f4ee4174a526dec50c279534df5345836dfdc15318400b08c62a62a39dd",
    "https://deno.land/std@0.202.0/path/extname.ts": "62c4b376300795342fe1e4746c0de518b4dc9c4b0b4617bfee62a2973a9555cf",
    "https://deno.land/std@0.202.0/path/format.ts": "110270b238514dd68455a4c54956215a1aff7e37e22e4427b7771cefe1920aa5",
    "https://deno.land/std@0.202.0/path/from_file_url.ts": "9f5cb58d58be14c775ec2e57fc70029ac8b17ed3bd7fe93e475b07280adde0ac",
    "https://deno.land/std@0.202.0/path/glob.ts": "593e2c3573883225c25c5a21aaa8e9382a696b8e175ea20a3b6a1471ad17aaed",
    "https://deno.land/std@0.202.0/path/is_absolute.ts": "0b92eb35a0a8780e9f16f16bb23655b67dace6a8e0d92d42039e518ee38103c1",
    "https://deno.land/std@0.202.0/path/join.ts": "31c5419f23d91655b08ec7aec403f4e4cd1a63d39e28f6e42642ea207c2734f8",
    "https://deno.land/std@0.202.0/path/mod.ts": "6e1efb0b13121463aedb53ea51dabf5639a3172ab58c89900bbb72b486872532",
    "https://deno.land/std@0.202.0/path/normalize.ts": "6ea523e0040979dd7ae2f1be5bf2083941881a252554c0f32566a18b03021955",
    "https://deno.land/std@0.202.0/path/parse.ts": "be8de342bb9e1924d78dc4d93c45215c152db7bf738ec32475560424b119b394",
    "https://deno.land/std@0.202.0/path/posix.ts": "0a1c1952d132323a88736d03e92bd236f3ed5f9f079e5823fae07c8d978ee61b",
    "https://deno.land/std@0.202.0/path/relative.ts": "8bedac226afd360afc45d451a6c29fabceaf32978526bcb38e0c852661f66c61",
    "https://deno.land/std@0.202.0/path/resolve.ts": "133161e4949fc97f9ca67988d51376b0f5eef8968a6372325ab84d39d30b80dc",
    "https://deno.land/std@0.202.0/path/separator.ts": "40a3e9a4ad10bef23bc2cd6c610291b6c502a06237c2c4cd034a15ca78dedc1f",
    "https://deno.land/std@0.202.0/path/to_file_url.ts": "00e6322373dd51ad109956b775e4e72e5f9fa68ce2c6b04e4af2a6eed3825d31",
    "https://deno.land/std@0.202.0/path/to_namespaced_path.ts": "1b1db3055c343ab389901adfbda34e82b7386bcd1c744d54f9c1496ee0fd0c3d",
    "https://deno.land/std@0.202.0/path/win32.ts": "8b3f80ef7a462511d5e8020ff490edcaa0a0d118f1b1e9da50e2916bdd73f9dd",
    "https://deno.land/std@0.202.0/streams/reader_from_stream_reader.ts": "53dfdb6c608005eb9e0610a9f9cbc51c66f34a519363f1abd4e8a09ab4ad8f9e",
    "https://deno.land/std@0.202.0/streams/text_line_stream.ts": "0f2c4b33a5fdb2476f2e060974cba1347cefe99a4af33c28a57524b1a34750fa",
    "https://deno.land/std@0.202.0/streams/to_array_buffer.ts": "de5803ef98cf2bfd8eeaaa17ae4f4d0364377bd6f6e425110e7010c1cb48196b",
    "https://deno.land/std@0.202.0/streams/write_all.ts": "4cdd36256f892fe7aead46338054f6ea813a63765e87bda4c60e8c5a57d1c5c1",
    "https://deno.land/std@0.202.0/yaml/_dumper/dumper.ts": "717403d0e700de783f2ef5c906b3d7245383e1509fc050e7ff5d4a53a03dbf40",
    "https://deno.land/std@0.202.0/yaml/_dumper/dumper_state.ts": "f0d0673ceea288334061ca34b63954c2bb5feb5bf6de5e4cfe9a942cdf6e5efe",
    "https://deno.land/std@0.202.0/yaml/_error.ts": "b59e2c76ce5a47b1b9fa0ff9f96c1dd92ea1e1b17ce4347ece5944a95c3c1a84",
    "https://deno.land/std@0.202.0/yaml/_loader/loader.ts": "63ec7f0a265dbbabc54b25a4beefff7650e205160a2d75c7d8f8363b5f84851a",
    "https://deno.land/std@0.202.0/yaml/_loader/loader_state.ts": "0841870b467169269d7c2dfa75cd288c319bc06f65edd9e42c29e5fced91c7a4",
    "https://deno.land/std@0.202.0/yaml/_mark.ts": "dcd8585dee585e024475e9f3fe27d29740670fb64ebb970388094cad0fc11d5d",
    "https://deno.land/std@0.202.0/yaml/_state.ts": "ef03d55ec235d48dcfbecc0ab3ade90bfae69a61094846e08003421c2cf5cfc6",
    "https://deno.land/std@0.202.0/yaml/_type/binary.ts": "24d49614463a7339a8a16d894919c2ec18a10588ae360ec352093b60e2cc8b0d",
    "https://deno.land/std@0.202.0/yaml/_type/bool.ts": "5bfa75da84343d45347b521ba4e5aeace9fe6f53447405290d53315a3fc20e66",
    "https://deno.land/std@0.202.0/yaml/_type/float.ts": "056bd3cb9c5586238b20517511014fb24b0e36f98f9f6073e12da308b6b9808a",
    "https://deno.land/std@0.202.0/yaml/_type/function.ts": "ff574fe84a750695302864e1c31b93f12d14ada4bde79a5f93197fc33ad17471",
    "https://deno.land/std@0.202.0/yaml/_type/int.ts": "563ad074f0fa7aecf6b6c3d84135bcc95a8269dcc15de878de20ce868fd773fa",
    "https://deno.land/std@0.202.0/yaml/_type/map.ts": "7b105e4ab03a361c61e7e335a0baf4d40f06460b13920e5af3fb2783a1464000",
    "https://deno.land/std@0.202.0/yaml/_type/merge.ts": "8192bf3e4d637f32567917f48bb276043da9cf729cf594e5ec191f7cd229337e",
    "https://deno.land/std@0.202.0/yaml/_type/mod.ts": "060e2b3d38725094b77ea3a3f05fc7e671fced8e67ca18e525be98c4aa8f4bbb",
    "https://deno.land/std@0.202.0/yaml/_type/nil.ts": "606e8f0c44d73117c81abec822f89ef81e40f712258c74f186baa1af659b8887",
    "https://deno.land/std@0.202.0/yaml/_type/omap.ts": "cfe59a294726f5cea705c39a61fd2b08199cf48f4ccd6b040cb550ec0f38d0a1",
    "https://deno.land/std@0.202.0/yaml/_type/pairs.ts": "0032fdfe57558d21696a4f8cf5b5cfd1f698743177080affc18629685c905666",
    "https://deno.land/std@0.202.0/yaml/_type/regexp.ts": "1ce118de15b2da43b4bd8e4395f42d448b731acf3bdaf7c888f40789f9a95f8b",
    "https://deno.land/std@0.202.0/yaml/_type/seq.ts": "95333abeec8a7e4d967b8c8328b269e342a4bbdd2585395549b9c4f58c8533a2",
    "https://deno.land/std@0.202.0/yaml/_type/set.ts": "f28ba44e632ef2a6eb580486fd47a460445eeddbdf1dbc739c3e62486f566092",
    "https://deno.land/std@0.202.0/yaml/_type/str.ts": "a67a3c6e429d95041399e964015511779b1130ea5889fa257c48457bd3446e31",
    "https://deno.land/std@0.202.0/yaml/_type/timestamp.ts": "706ea80a76a73e48efaeb400ace087da1f927647b53ad6f754f4e06d51af087f",
    "https://deno.land/std@0.202.0/yaml/_type/undefined.ts": "94a316ca450597ccbc6750cbd79097ad0d5f3a019797eed3c841a040c29540ba",
    "https://deno.land/std@0.202.0/yaml/_utils.ts": "26b311f0d42a7ce025060bd6320a68b50e52fd24a839581eb31734cd48e20393",
    "https://deno.land/std@0.202.0/yaml/mod.ts": "28ecda6652f3e7a7735ee29c247bfbd32a2e2fc5724068e9fd173ec4e59f66f7",
    "https://deno.land/std@0.202.0/yaml/parse.ts": "1fbbda572bf3fff578b6482c0d8b85097a38de3176bf3ab2ca70c25fb0c960ef",
    "https://deno.land/std@0.202.0/yaml/schema.ts": "96908b78dc50c340074b93fc1598d5e7e2fe59103f89ff81e5a49b2dedf77a67",
    "https://deno.land/std@0.202.0/yaml/schema/core.ts": "fa406f18ceedc87a50e28bb90ec7a4c09eebb337f94ef17468349794fa828639",
    "https://deno.land/std@0.202.0/yaml/schema/default.ts": "0047e80ae8a4a93293bc4c557ae8a546aabd46bb7165b9d9b940d57b4d88bde9",
    "https://deno.land/std@0.202.0/yaml/schema/extended.ts": "0784416bf062d20a1626b53c03380e265b3e39b9409afb9f4cb7d659fd71e60d",
    "https://deno.land/std@0.202.0/yaml/schema/failsafe.ts": "d219ab5febc43f770917d8ec37735a4b1ad671149846cbdcade767832b42b92b",
    "https://deno.land/std@0.202.0/yaml/schema/json.ts": "5f41dd7c2f1ad545ef6238633ce9ee3d444dfc5a18101e1768bd5504bf90e5e5",
    "https://deno.land/std@0.202.0/yaml/schema/mod.ts": "4472e827bab5025e92bc2eb2eeefa70ecbefc64b2799b765c69af84822efef32",
    "https://deno.land/std@0.202.0/yaml/stringify.ts": "fffc09c65c68d3d63f8159e8cbaa3f489bc20a8e55b4fbb61a8c2e9f914d1d02",
    "https://deno.land/std@0.202.0/yaml/type.ts": "1aabb8e0a3f4229ce0a3526256f68826d9bdf65a36c8a3890ead8011fcba7670",
    "https://deno.land/x/case@2.2.0/camelCase.ts": "b9a4cf361a7c9740ecb75e00b5e2c006bd4e5d40e442d26c5f2760286fa66796",
    "https://deno.land/x/case@2.2.0/lowerCase.ts": "d75eb55cadfa589f9f2a973924a8a209054477d9574da669410f4d817ab25b41",
    "https://deno.land/x/case@2.2.0/normalCase.ts": "085c8b6f9d69283c8b86f2e504d43278c2be8b7e56a3ed8d4a5f395e398bdc29",
    "https://deno.land/x/case@2.2.0/pascalCase.ts": "4b3ef0a68173871a821d306d4067e8f72d42aeeef1eea6aeab30af6bfa3d7427",
    "https://deno.land/x/case@2.2.0/types.ts": "8e2bd6edaa27c0d1972c0d5b76698564740f37b4d3787d58d1fb5f48de611e61",
    "https://deno.land/x/case@2.2.0/upperCase.ts": "6cca267bb04d098bf4abf21e42e60c3e68ede89b12e525643c6b6eff3e10de34",
    "https://deno.land/x/case@2.2.0/upperFirstCase.ts": "b964c2d8d3a85c78cd35f609135cbde99d84b9522a21470336b5af80a37facbd",
    "https://deno.land/x/case@2.2.0/vendor/camelCaseRegexp.ts": "7d9ff02aad4ab6429eeab7c7353f7bcdd6cc5909a8bd3dda97918c8bbb7621ae",
    "https://deno.land/x/case@2.2.0/vendor/camelCaseUpperRegexp.ts": "292de54a698370f90adcdf95727993d09888b7f33d17f72f8e54ba75f7791787",
    "https://deno.land/x/case@2.2.0/vendor/nonWordRegexp.ts": "c1a052629a694144b48c66b0175a22a83f4d61cb40f4e45293fc5d6b123f927e",
    "https://deno.land/x/k8s@1.28.2/deps.ts": "6a23b8ffaac853ef8efe5760710c9ddaa49145b1566f40cba9f8b5cf047bb378",
    "https://deno.land/x/k8s@1.28.2/index.ts": "cf60e8c0ec24481fc5a4ab4d64974f0b59f23c798530a1628443da6479869540",
    "https://deno.land/x/k8s@1.28.2/openapi.ts": "4593f303c1d837d5633998e362d1a5f1b6953052ca436007031356d2bf96997d",
    "https://deno.land/x/openapi_client@3.0.3/client.ts": "f368cfbffb4f30f470ba2524b4202f7125db20f044fb8820355fb1f2b6f88804",
    "https://deno.land/x/openapi_client@3.0.3/index.ts": "218b8f0d1cff4cc7b22abdbe960504d8e956b5fb022282e9cf89894dfc5df89f",
    "https://deno.land/x/openapi_client@3.0.3/types.ts": "561693bf2252a25c61e317a033a82b28e06ba2c1feee313cd17916f4ab37d883",
    "https://deno.land/x/semver@v1.4.1/mod.ts": "0b79c87562eb8a1f008ab0d98f8bb60076dd65bc06f1f8fdfac2d2dab162c27b",
    "https://deno.land/x/typebox_deno@0.31.17-2/examples/formats/date-time.ts": "4beab17465395a2a0a3a79fbf0419554cf4849d7369e076a9e815b46cf5898bb",
    "https://deno.land/x/typebox_deno@0.31.17-2/examples/formats/date.ts": "c3ca8e9f8c2e73727d8d3d17210d99c949555cd9836d8dbaa9e5b9d201912934",
    "https://deno.land/x/typebox_deno@0.31.17-2/examples/formats/email.ts": "812a1f3e9d4d30fcca92262df884ef025ff6ebb9f8929d1abc41fedf112085a4",
    "https://deno.land/x/typebox_deno@0.31.17-2/examples/formats/index.ts": "7c95e1c046e1f742f26bdd597dbe027d3a5013ee56df24dc167de00bfe85b785",
    "https://deno.land/x/typebox_deno@0.31.17-2/examples/formats/ipv4.ts": "fc24f380d8b415b12544f85307bba12a433940b7f7025a360a120c62322a1ff9",
    "https://deno.land/x/typebox_deno@0.31.17-2/examples/formats/ipv6.ts": "5961e8564437c4956f97642039e21d1a90eb97ef7082076ee163c5f2f715e890",
    "https://deno.land/x/typebox_deno@0.31.17-2/examples/formats/time.ts": "a9fa758f5ec6243ffca17c7e09ddbf2136493db504ac8c64a05e292345b9da5c",
    "https://deno.land/x/typebox_deno@0.31.17-2/examples/formats/url.ts": "6d969cbeda727d668b92f75c9b600f1763e4b094c72215f9854450060a9705a4",
    "https://deno.land/x/typebox_deno@0.31.17-2/examples/formats/uuid.ts": "607ac4578b244a70debce29430b5b2f5f1c777e8f656506db474c3ec2de3ede6",
    "https://deno.land/x/typebox_deno@0.31.17-2/src/compiler/compiler.ts": "ee57acedcd76fd9994bdbe70886313666c83c00b3a8d60aa983ac09a0ee88c1c",
    "https://deno.land/x/typebox_deno@0.31.17-2/src/compiler/index.ts": "8bbfc0061cc761c81cae35bb70947480cb97da09a7314f532417d08588242392",
    "https://deno.land/x/typebox_deno@0.31.17-2/src/errors/errors.ts": "a5d4144afb254df4e250f341cb59c715ec324416d7f4cd63a0a5a8b7bb45f202",
    "https://deno.land/x/typebox_deno@0.31.17-2/src/errors/index.ts": "636e3df280211e703b5f936433ae97d5bd78c82b3362e9e58eea697f89e4e7ae",
    "https://deno.land/x/typebox_deno@0.31.17-2/src/system/index.ts": "933fc0606785d489dbef779a78f3ea834ac56e140a0fe15bc243d974bc61de1a",
    "https://deno.land/x/typebox_deno@0.31.17-2/src/system/system.ts": "613774840b745a3c8969d83953ec8fd52684b1bb4552841956262e3e0dfcd4ef",
    "https://deno.land/x/typebox_deno@0.31.17-2/src/typebox.ts": "330e1c429f00498ead1503012e7e494d62ee500406099293acf3ec32fa2f7cef",
    "https://deno.land/x/typebox_deno@0.31.17-2/src/value/cast.ts": "b7f0d98078fccb6b6a70df1cab9e03ad64984b1c7b6c8cd284745bd54ea39b71",
    "https://deno.land/x/typebox_deno@0.31.17-2/src/value/check.ts": "2e5eadb73d195e84aae3398d0a1119d4b49f659c05575ee3742e155d88feb053",
    "https://deno.land/x/typebox_deno@0.31.17-2/src/value/clone.ts": "49255dddbeef67d2758abfeb9e063620df56635c5b8e53345c8919a9ec50d675",
    "https://deno.land/x/typebox_deno@0.31.17-2/src/value/convert.ts": "1f295a1d377dec435ca4ee3717acb60ccba11952856c3446c4c3eb5559745d59",
    "https://deno.land/x/typebox_deno@0.31.17-2/src/value/create.ts": "7b764340ab3441a17d980fa7141e17f12d4161634bf786a554792c851c0840c8",
    "https://deno.land/x/typebox_deno@0.31.17-2/src/value/delta.ts": "0700030cb6e349e7b79961579bd6f0ef4b5ad956867dde28c10b467fe1a7844f",
    "https://deno.land/x/typebox_deno@0.31.17-2/src/value/deref.ts": "a8ac79224e26005661e97b88e10bdf3006d9c4a14c09102904ada6d3b67c5962",
    "https://deno.land/x/typebox_deno@0.31.17-2/src/value/equal.ts": "a2fbc5e7190e5617322fe886068789bc84eb558f0b2eed02dfc52baa0b9518a4",
    "https://deno.land/x/typebox_deno@0.31.17-2/src/value/guard.ts": "b72494ab6a105c822bbb7ee576bb13d3d9f30499ec5ed9d8a205f9994d27ed23",
    "https://deno.land/x/typebox_deno@0.31.17-2/src/value/hash.ts": "4df9a87a294e7ca692b3631dc2192a63b039e85ddc69e71a6b8bdd8cefd510f3",
    "https://deno.land/x/typebox_deno@0.31.17-2/src/value/index.ts": "b3113ab878b623f89aaafecb7e71ae06dc9a77c8f98524f5d38afd3a82589d3b",
    "https://deno.land/x/typebox_deno@0.31.17-2/src/value/mutate.ts": "aa41b5916c2c18ed926d2cd6c3bfb74bbb715e3f2239e1f4e5bde6c1c92adbca",
    "https://deno.land/x/typebox_deno@0.31.17-2/src/value/pointer.ts": "e3768e6513e2c4466c78c4816dafa4eb42865c219910221f58aa3e2246ddd41d",
    "https://deno.land/x/typebox_deno@0.31.17-2/src/value/transform.ts": "28d15232a4ec755e2c6cfb0a8e413b50bacdc81dbc3020bf15839e9a725bd033",
    "https://deno.land/x/typebox_deno@0.31.17-2/src/value/value.ts": "173557ba37d2302672b2fe91c66998f226959c856646f964b74e71a5a68c0269",
    "https://deno.land/x/utils@2.14.4/async_utils.ts": "e6df7fb0642215689bf848e71fa9b874f5b0e34b37c73cf7403a3c68e28d03e8",
    "https://deno.land/x/utils@2.14.4/cli_utils.ts": "52b247fdf0fb39dc37e9da0111c5078c4e7864249e7ff03a196fbd961fc2d3cf",
    "https://deno.land/x/utils@2.14.4/deps/ajv.ts": "1fac145bc1ed156d55683a3f8a7d35e2b2a9366d11ba5d421b7e440507a01f6b",
    "https://deno.land/x/utils@2.14.4/deps/k8s_api.ts": "eb172ae13d9e679a81b3d7e7a9f64318de2e0ae9fe08768f38d949ca47728232",
    "https://deno.land/x/utils@2.14.4/deps/std_async.ts": "36b17bac03719a4bc17f424fff5256f4652944279f2de3cd7884eec2eaf7f786",
    "https://deno.land/x/utils@2.14.4/deps/std_collections.ts": "f09127db29763bc24e67d1c3e2662868e13539dee072413dbafad27b9d63676a",
    "https://deno.land/x/utils@2.14.4/deps/std_flags.ts": "ae8598ac47da777500ba4133f724941ee4b7384111aa5005e8469711c56a80aa",
    "https://deno.land/x/utils@2.14.4/deps/std_streams.ts": "805aa15d7652d460bf4289615f80389143f677d5df56f91e0f16f7ee8ca84879",
    "https://deno.land/x/utils@2.14.4/deps/typebox.ts": "06ac65e86f80c52be4301dd08996571351c2fc48fadf0c914d2d8c01de2e5fc9",
    "https://deno.land/x/utils@2.14.4/exec_utils.ts": "b34e28fbe90c4fa27e3fc9462fe9040011f9bce1c575035374dbb7ddb0fe306d",
    "https://deno.land/x/utils@2.14.4/k8s_utils.ts": "da145800b2a3b27a394169e247bc57b82912fee810f094ecc0974f2c75fd2781",
    "https://deno.land/x/utils@2.14.4/validation_utils.ts": "2b429d8a6a8b2be81173b1e6b49b1a54aef47c2b785603cf6e6fd48209886db3",
    "https://esm.sh/ajv-formats@2.1.1?pin=v132": "f6430b1c8192e145b3ab4a0816007d032a6ee5eae4b0471d668fb0ba5f8fd82e",
    "https://esm.sh/ajv@8.12.0?pin=v132": "b4b1a7a0a8cb88dbec230e37812ed20bd8fab4c919339153e504cadc17496ef3",
    "https://esm.sh/v132/ajv-formats@2.1.1/denonext/ajv-formats.mjs": "34d851be801bc78f2c9abb30133689a9bf43fb99020ba548022b28de52ccfd4d",
    "https://esm.sh/v132/ajv@8.12.0/denonext/ajv.mjs": "77e7c1d3b23c6b131a0586e9fb87660aa513869e334596c39c66331cc3921f62",
    "https://esm.sh/v132/ajv@8.12.0/denonext/dist/compile/codegen.js": "d981238e5b1e78217e1c6db59cbd594369279722c608ed630d08717ee44edd84",
    "https://esm.sh/v132/fast-deep-equal@3.1.3/denonext/fast-deep-equal.mjs": "6313b3e05436550e1c0aeb2a282206b9b8d9213b4c6f247964dd7bb4835fb9e5",
    "https://esm.sh/v132/json-schema-traverse@1.0.0/denonext/json-schema-traverse.mjs": "c5da8353bc014e49ebbb1a2c0162d29969a14c325da19644e511f96ba670cc45",
    "https://esm.sh/v132/uri-js@4.4.1/denonext/uri-js.mjs": "901d462f9db207376b39ec603d841d87e6b9e9568ce97dfaab12aa77d0f99f74",
    "https://raw.githubusercontent.com/shopstic/ts-shell-quote/2.0.0/index.ts": "bf1659b1d05f4bbdb2ebd081be7f1b06d225dbac078ffe1fd853f602e4cbd5e1"
  }
}
