{
  "version": "4",
  "specifiers": {
    "jsr:@std/assert@^1.0.6": "1.0.10",
    "jsr:@std/bytes@^1.0.3": "1.0.4",
    "jsr:@std/cli@^1.0.7": "1.0.10",
    "jsr:@std/collections@^1.0.9": "1.0.9",
    "jsr:@std/fmt@^1.0.3": "1.0.4",
    "jsr:@std/fmt@^1.0.4": "1.0.4",
    "jsr:@std/fs@^1.0.9": "1.0.9",
    "jsr:@std/path@^1.0.8": "1.0.8",
    "jsr:@std/semver@^1.0.3": "1.0.3",
    "jsr:@std/streams@^1.0.7": "1.0.8",
    "jsr:@std/streams@^1.0.8": "1.0.8",
    "jsr:@std/yaml@^1.0.5": "1.0.5",
    "jsr:@wok/case@^1.0.2": "1.0.2",
    "jsr:@wok/k8s@^1.31.3": "1.31.3",
    "jsr:@wok/openapi-client@^1.0.2": "1.0.2",
    "jsr:@wok/typebox@~0.33.22": "0.33.22",
    "jsr:@wok/utils@^3.5.3": "3.5.3",
    "npm:@sinclair/typebox@~0.33.22": "0.33.22"
  },
  "jsr": {
    "@std/assert@1.0.10": {
      "integrity": "59b5cbac5bd55459a19045d95cc7c2ff787b4f8527c0dd195078ff6f9481fbb3"
    },
    "@std/bytes@1.0.4": {
      "integrity": "11a0debe522707c95c7b7ef89b478c13fb1583a7cfb9a85674cd2cc2e3a28abc"
    },
    "@std/cli@1.0.10": {
      "integrity": "d047f6f4954a5c2827fe0963765ddd3d8b6cc7b7518682842645b95f571539dc"
    },
    "@std/collections@1.0.9": {
      "integrity": "4f58104ead08a04a2199374247f07befe50ba01d9cca8cbb23ab9a0419921e71"
    },
    "@std/fmt@1.0.4": {
      "integrity": "e14fe5bedee26f80877e6705a97a79c7eed599e81bb1669127ef9e8bc1e29a74"
    },
    "@std/fs@1.0.9": {
      "integrity": "3eef7e3ed3d317b29432c7dcb3b20122820dbc574263f721cb0248ad91bad890",
      "dependencies": [
        "jsr:@std/path"
      ]
    },
    "@std/path@1.0.8": {
      "integrity": "548fa456bb6a04d3c1a1e7477986b6cffbce95102d0bb447c67c4ee70e0364be"
    },
    "@std/semver@1.0.3": {
      "integrity": "7c139c6076a080eeaa4252c78b95ca5302818d7eafab0470d34cafd9930c13c8"
    },
    "@std/streams@1.0.8": {
      "integrity": "b41332d93d2cf6a82fe4ac2153b930adf1a859392931e2a19d9fabfb6f154fb3",
      "dependencies": [
        "jsr:@std/bytes"
      ]
    },
    "@std/yaml@1.0.5": {
      "integrity": "71ba3d334305ee2149391931508b2c293a8490f94a337eef3a09cade1a2a2742"
    },
    "@wok/case@1.0.2": {
      "integrity": "5d7c4da6ac87a372d603c6ab6fb0e07ec74d4a712c3cb9051961a0892b1f3090"
    },
    "@wok/k8s@1.31.3": {
      "integrity": "29e15b754233fd4c94dd3ce9e7151ba3ccf5f2140b48605d00368c144a6b3d8a",
      "dependencies": [
        "jsr:@std/collections",
        "jsr:@std/streams@^1.0.7",
        "jsr:@wok/openapi-client"
      ]
    },
    "@wok/openapi-client@1.0.2": {
      "integrity": "a92ce6ce959bc4e0d742b0957a403de4b81da1be46cbc1ac7ec68c5e2ddf2f18"
    },
    "@wok/typebox@0.33.22": {
      "integrity": "96f201f83d93605ae98552bf67a561c75cbcef4d14312acf675bfc183fb8c1a8",
      "dependencies": [
        "npm:@sinclair/typebox"
      ]
    },
    "@wok/utils@3.5.3": {
      "integrity": "725060c13a763b359b3f0be14ca0bd1c0bf4233b38011ee6625648fd73a0e676",
      "dependencies": [
        "jsr:@std/assert",
        "jsr:@std/cli",
        "jsr:@std/fmt@^1.0.3",
        "jsr:@std/streams@^1.0.7",
        "jsr:@wok/case",
        "jsr:@wok/k8s",
        "jsr:@wok/typebox"
      ]
    }
  },
  "npm": {
    "@sinclair/typebox@0.33.22": {
      "integrity": "sha512-auUj4k+f4pyrIVf4GW5UKquSZFHJWri06QgARy9C0t9ZTjJLIuNIrr1yl9bWcJWJ1Gz1vOvYN1D+QPaIlNMVkQ=="
    }
  },
  "workspace": {
    "dependencies": [
      "jsr:@std/assert@^1.0.10",
      "jsr:@std/fmt@^1.0.4",
      "jsr:@std/fs@^1.0.9",
      "jsr:@std/path@^1.0.8",
      "jsr:@std/semver@^1.0.3",
      "jsr:@std/streams@^1.0.8",
      "jsr:@std/yaml@^1.0.5",
      "jsr:@wok/case@^1.0.2",
      "jsr:@wok/typebox@~0.33.22",
      "jsr:@wok/utils@^3.5.3"
    ]
  }
}
