{
  "version": "2",
  "remote": {
    "https://deno.land/std@0.140.0/_util/assert.ts": "e94f2eb37cebd7f199952e242c77654e43333c1ac4c5c700e929ea3aa5489f74",
    "https://deno.land/std@0.140.0/flags/mod.ts": "019df8a63ed24df2d10be22e8983aa9253623e871228a2f8f328ff2d0404f7ef",
    "https://deno.land/std@0.186.0/_util/asserts.ts": "178dfc49a464aee693a7e285567b3d0b555dc805ff490505a8aae34f9cfb1462",
    "https://deno.land/std@0.186.0/_util/os.ts": "d932f56d41e4f6a6093d56044e29ce637f8dcc43c5a90af43504a889cf1775e3",
    "https://deno.land/std@0.186.0/async/deferred.ts": "42790112f36a75a57db4a96d33974a936deb7b04d25c6084a9fa8a49f135def8",
    "https://deno.land/std@0.186.0/async/delay.ts": "73aa04cec034c84fc748c7be49bb15cac3dd43a57174bfdb7a4aec22c248f0dd",
    "https://deno.land/std@0.186.0/bytes/bytes_list.ts": "31d664f4d42fa922066405d0e421c56da89d751886ee77bbe25a88bf0310c9d0",
    "https://deno.land/std@0.186.0/bytes/concat.ts": "d26d6f3d7922e6d663dacfcd357563b7bf4a380ce5b9c2bbe0c8586662f25ce2",
    "https://deno.land/std@0.186.0/bytes/copy.ts": "939d89e302a9761dcf1d9c937c7711174ed74c59eef40a1e4569a05c9de88219",
    "https://deno.land/std@0.186.0/fmt/colors.ts": "d67e3cd9f472535241a8e410d33423980bec45047e343577554d3356e1f0ef4e",
    "https://deno.land/std@0.186.0/fs/_util.ts": "579038bebc3bd35c43a6a7766f7d91fbacdf44bc03468e9d3134297bb99ed4f9",
    "https://deno.land/std@0.186.0/fs/exists.ts": "29c26bca8584a22876be7cb8844f1b6c8fc35e9af514576b78f5c6884d7ed02d",
    "https://deno.land/std@0.186.0/fs/expand_glob.ts": "e4f56259a0a70fe23f05215b00de3ac5e6ba46646ab2a06ebbe9b010f81c972a",
    "https://deno.land/std@0.186.0/fs/walk.ts": "920be35a7376db6c0b5b1caf1486fb962925e38c9825f90367f8f26b5e5d0897",
    "https://deno.land/std@0.186.0/io/buf_reader.ts": "06fff3337091c49e99ebd2dd790c9a90364c087a2953ea081667400fd6c6cebb",
    "https://deno.land/std@0.186.0/io/buf_writer.ts": "48c33c8f00b61dcbc7958706741cec8e59810bd307bc6a326cbd474fe8346dfd",
    "https://deno.land/std@0.186.0/io/buffer.ts": "17f4410eaaa60a8a85733e8891349a619eadfbbe42e2f319283ce2b8f29723ab",
    "https://deno.land/std@0.186.0/io/copy_n.ts": "0cc7ce07c75130f6fc18621ec1911c36e147eb9570664fee0ea12b1988167590",
    "https://deno.land/std@0.186.0/io/limited_reader.ts": "6c9a216f8eef39c1ee2a6b37a29372c8fc63455b2eeb91f06d9646f8f759fc8b",
    "https://deno.land/std@0.186.0/io/mod.ts": "2665bcccc1fd6e8627cca167c3e92aaecbd9897556b6f69e6d258070ef63fd9b",
    "https://deno.land/std@0.186.0/io/multi_reader.ts": "9c2a0a31686c44b277e16da1d97b4686a986edcee48409b84be25eedbc39b271",
    "https://deno.land/std@0.186.0/io/read_delim.ts": "c02b93cc546ae8caad8682ae270863e7ace6daec24c1eddd6faabc95a9d876a3",
    "https://deno.land/std@0.186.0/io/read_int.ts": "7cb8bcdfaf1107586c3bacc583d11c64c060196cb070bb13ae8c2061404f911f",
    "https://deno.land/std@0.186.0/io/read_lines.ts": "c526c12a20a9386dc910d500f9cdea43cba974e853397790bd146817a7eef8cc",
    "https://deno.land/std@0.186.0/io/read_long.ts": "f0aaa420e3da1261c5d33c5e729f09922f3d9fa49f046258d4ff7a00d800c71e",
    "https://deno.land/std@0.186.0/io/read_range.ts": "28152daf32e43dd9f7d41d8466852b0d18ad766cd5c4334c91fef6e1b3a74eb5",
    "https://deno.land/std@0.186.0/io/read_short.ts": "805cb329574b850b84bf14a92c052c59b5977a492cd780c41df8ad40826c1a20",
    "https://deno.land/std@0.186.0/io/read_string_delim.ts": "5dc9f53bdf78e7d4ee1e56b9b60352238ab236a71c3e3b2a713c3d78472a53ce",
    "https://deno.land/std@0.186.0/io/slice_long_to_bytes.ts": "48d9bace92684e880e46aa4a2520fc3867f9d7ce212055f76ecc11b22f9644b7",
    "https://deno.land/std@0.186.0/io/string_reader.ts": "da0f68251b3d5b5112485dfd4d1b1936135c9b4d921182a7edaf47f74c25cc8f",
    "https://deno.land/std@0.186.0/io/string_writer.ts": "8a03c5858c24965a54c6538bed15f32a7c72f5704a12bda56f83a40e28e5433e",
    "https://deno.land/std@0.186.0/path/_constants.ts": "e49961f6f4f48039c0dfed3c3f93e963ca3d92791c9d478ac5b43183413136e0",
    "https://deno.land/std@0.186.0/path/_interface.ts": "6471159dfbbc357e03882c2266d21ef9afdb1e4aa771b0545e90db58a0ba314b",
    "https://deno.land/std@0.186.0/path/_util.ts": "d7abb1e0dea065f427b89156e28cdeb32b045870acdf865833ba808a73b576d0",
    "https://deno.land/std@0.186.0/path/common.ts": "ee7505ab01fd22de3963b64e46cff31f40de34f9f8de1fff6a1bd2fe79380000",
    "https://deno.land/std@0.186.0/path/glob.ts": "d479e0a695621c94d3fd7fe7abd4f9499caf32a8de13f25073451c6ef420a4e1",
    "https://deno.land/std@0.186.0/path/mod.ts": "ee161baec5ded6510ee1d1fb6a75a0f5e4b41f3f3301c92c716ecbdf7dae910d",
    "https://deno.land/std@0.186.0/path/posix.ts": "8b7c67ac338714b30c816079303d0285dd24af6b284f7ad63da5b27372a2c94d",
    "https://deno.land/std@0.186.0/path/separator.ts": "0fb679739d0d1d7bf45b68dacfb4ec7563597a902edbaf3c59b50d5bcadd93b1",
    "https://deno.land/std@0.186.0/path/win32.ts": "d186344e5583bcbf8b18af416d13d82b35a317116e6460a5a3953508c3de5bba",
    "https://deno.land/std@0.186.0/streams/_common.ts": "f45cba84f0d813de3326466095539602364a9ba521f804cc758f7a475cda692d",
    "https://deno.land/std@0.186.0/streams/copy.ts": "75cbc795ff89291df22ddca5252de88b2e16d40c85d02840593386a8a1454f71",
    "https://deno.land/std@0.186.0/streams/iterate_reader.ts": "bbec1d45c2df2c0c5920bad0549351446fdc8e0886d99e95959b259dbcdb6072",
    "https://deno.land/std@0.186.0/streams/read_all.ts": "ee319772fb0fd28302f97343cc48dfcf948f154fd0d755d8efe65814b70533be",
    "https://deno.land/std@0.186.0/streams/reader_from_stream_reader.ts": "fa4971e5615a010e49492c5d1688ca1a4d17472a41e98b498ab89a64ebd7ac73",
    "https://deno.land/std@0.186.0/streams/write_all.ts": "aec90152978581ea62d56bb53a5cbf487e6a89c902f87c5969681ffbdf32b998",
    "https://deno.land/std@0.186.0/streams/writer_from_stream_writer.ts": "07c7ee025151a190f37fc42cbb01ff93afc949119ebddc6e0d0df14df1bf6950",
    "https://deno.land/std@0.186.0/types.d.ts": "dbaeb2c4d7c526db9828fc8df89d8aecf53b9ced72e0c4568f97ddd8cda616a4",
    "https://deno.land/std@0.186.0/yaml/_dumper/dumper.ts": "a2c937a53a2b0473125a31a330334cc3f30e98fd82f8143bc225583d1260890b",
    "https://deno.land/std@0.186.0/yaml/_dumper/dumper_state.ts": "f0d0673ceea288334061ca34b63954c2bb5feb5bf6de5e4cfe9a942cdf6e5efe",
    "https://deno.land/std@0.186.0/yaml/_error.ts": "b59e2c76ce5a47b1b9fa0ff9f96c1dd92ea1e1b17ce4347ece5944a95c3c1a84",
    "https://deno.land/std@0.186.0/yaml/_loader/loader.ts": "04cf748a736a9b3a29bd3d4b3c77d81489f82cfe8391627fd6ba8327e1e8cec2",
    "https://deno.land/std@0.186.0/yaml/_loader/loader_state.ts": "0841870b467169269d7c2dfa75cd288c319bc06f65edd9e42c29e5fced91c7a4",
    "https://deno.land/std@0.186.0/yaml/_mark.ts": "dcd8585dee585e024475e9f3fe27d29740670fb64ebb970388094cad0fc11d5d",
    "https://deno.land/std@0.186.0/yaml/_state.ts": "ef03d55ec235d48dcfbecc0ab3ade90bfae69a61094846e08003421c2cf5cfc6",
    "https://deno.land/std@0.186.0/yaml/_type/binary.ts": "d34d8c8d8ed521e270cfede3401c425b971af4f6c69da1e2cb32b172d42c7da7",
    "https://deno.land/std@0.186.0/yaml/_type/bool.ts": "5bfa75da84343d45347b521ba4e5aeace9fe6f53447405290d53315a3fc20e66",
    "https://deno.land/std@0.186.0/yaml/_type/float.ts": "056bd3cb9c5586238b20517511014fb24b0e36f98f9f6073e12da308b6b9808a",
    "https://deno.land/std@0.186.0/yaml/_type/function.ts": "ff574fe84a750695302864e1c31b93f12d14ada4bde79a5f93197fc33ad17471",
    "https://deno.land/std@0.186.0/yaml/_type/int.ts": "563ad074f0fa7aecf6b6c3d84135bcc95a8269dcc15de878de20ce868fd773fa",
    "https://deno.land/std@0.186.0/yaml/_type/map.ts": "7b105e4ab03a361c61e7e335a0baf4d40f06460b13920e5af3fb2783a1464000",
    "https://deno.land/std@0.186.0/yaml/_type/merge.ts": "8192bf3e4d637f32567917f48bb276043da9cf729cf594e5ec191f7cd229337e",
    "https://deno.land/std@0.186.0/yaml/_type/mod.ts": "060e2b3d38725094b77ea3a3f05fc7e671fced8e67ca18e525be98c4aa8f4bbb",
    "https://deno.land/std@0.186.0/yaml/_type/nil.ts": "606e8f0c44d73117c81abec822f89ef81e40f712258c74f186baa1af659b8887",
    "https://deno.land/std@0.186.0/yaml/_type/omap.ts": "cfe59a294726f5cea705c39a61fd2b08199cf48f4ccd6b040cb550ec0f38d0a1",
    "https://deno.land/std@0.186.0/yaml/_type/pairs.ts": "0032fdfe57558d21696a4f8cf5b5cfd1f698743177080affc18629685c905666",
    "https://deno.land/std@0.186.0/yaml/_type/regexp.ts": "1ce118de15b2da43b4bd8e4395f42d448b731acf3bdaf7c888f40789f9a95f8b",
    "https://deno.land/std@0.186.0/yaml/_type/seq.ts": "95333abeec8a7e4d967b8c8328b269e342a4bbdd2585395549b9c4f58c8533a2",
    "https://deno.land/std@0.186.0/yaml/_type/set.ts": "f28ba44e632ef2a6eb580486fd47a460445eeddbdf1dbc739c3e62486f566092",
    "https://deno.land/std@0.186.0/yaml/_type/str.ts": "a67a3c6e429d95041399e964015511779b1130ea5889fa257c48457bd3446e31",
    "https://deno.land/std@0.186.0/yaml/_type/timestamp.ts": "706ea80a76a73e48efaeb400ace087da1f927647b53ad6f754f4e06d51af087f",
    "https://deno.land/std@0.186.0/yaml/_type/undefined.ts": "94a316ca450597ccbc6750cbd79097ad0d5f3a019797eed3c841a040c29540ba",
    "https://deno.land/std@0.186.0/yaml/_utils.ts": "26b311f0d42a7ce025060bd6320a68b50e52fd24a839581eb31734cd48e20393",
    "https://deno.land/std@0.186.0/yaml/mod.ts": "28ecda6652f3e7a7735ee29c247bfbd32a2e2fc5724068e9fd173ec4e59f66f7",
    "https://deno.land/std@0.186.0/yaml/parse.ts": "1fbbda572bf3fff578b6482c0d8b85097a38de3176bf3ab2ca70c25fb0c960ef",
    "https://deno.land/std@0.186.0/yaml/schema.ts": "96908b78dc50c340074b93fc1598d5e7e2fe59103f89ff81e5a49b2dedf77a67",
    "https://deno.land/std@0.186.0/yaml/schema/core.ts": "fa406f18ceedc87a50e28bb90ec7a4c09eebb337f94ef17468349794fa828639",
    "https://deno.land/std@0.186.0/yaml/schema/default.ts": "0047e80ae8a4a93293bc4c557ae8a546aabd46bb7165b9d9b940d57b4d88bde9",
    "https://deno.land/std@0.186.0/yaml/schema/extended.ts": "0784416bf062d20a1626b53c03380e265b3e39b9409afb9f4cb7d659fd71e60d",
    "https://deno.land/std@0.186.0/yaml/schema/failsafe.ts": "d219ab5febc43f770917d8ec37735a4b1ad671149846cbdcade767832b42b92b",
    "https://deno.land/std@0.186.0/yaml/schema/json.ts": "5f41dd7c2f1ad545ef6238633ce9ee3d444dfc5a18101e1768bd5504bf90e5e5",
    "https://deno.land/std@0.186.0/yaml/schema/mod.ts": "4472e827bab5025e92bc2eb2eeefa70ecbefc64b2799b765c69af84822efef32",
    "https://deno.land/std@0.186.0/yaml/stringify.ts": "fffc09c65c68d3d63f8159e8cbaa3f489bc20a8e55b4fbb61a8c2e9f914d1d02",
    "https://deno.land/std@0.186.0/yaml/type.ts": "1aabb8e0a3f4229ce0a3526256f68826d9bdf65a36c8a3890ead8011fcba7670",
    "https://deno.land/x/case@v2.1.0/camelCase.ts": "0808961e69e1883c6e94faf85e333196a464ceba46ddc76984d7b8ce9e26a43a",
    "https://deno.land/x/case@v2.1.0/lowerCase.ts": "86d5533f9587ed60003181591e40e648838c23f371edfa79d00288153d113b16",
    "https://deno.land/x/case@v2.1.0/normalCase.ts": "6a8b924da9ab0790d99233ae54bfcfc996d229cb91b2533639fe20972cc33dac",
    "https://deno.land/x/case@v2.1.0/pascalCase.ts": "f68936d584182c8f4b341238bd9c424b1a740bfba3ab2847234f57a4c205f1df",
    "https://deno.land/x/case@v2.1.0/types.ts": "8e2bd6edaa27c0d1972c0d5b76698564740f37b4d3787d58d1fb5f48de611e61",
    "https://deno.land/x/case@v2.1.0/upperCase.ts": "e6a1a3dea30e17013aa212ec237b35e2dd5c5c0b1501778c07db66ff0bbe4372",
    "https://deno.land/x/case@v2.1.0/upperFirstCase.ts": "2b083db95744105a4f4accefe66dcd09390634514abf757fc580a7ebad58bf4f",
    "https://deno.land/x/case@v2.1.0/vendor/camelCaseRegexp.ts": "7d9ff02aad4ab6429eeab7c7353f7bcdd6cc5909a8bd3dda97918c8bbb7621ae",
    "https://deno.land/x/case@v2.1.0/vendor/camelCaseUpperRegexp.ts": "292de54a698370f90adcdf95727993d09888b7f33d17f72f8e54ba75f7791787",
    "https://deno.land/x/case@v2.1.0/vendor/nonWordRegexp.ts": "c1a052629a694144b48c66b0175a22a83f4d61cb40f4e45293fc5d6b123f927e",
    "https://deno.land/x/k8s@1.27.1/deps.ts": "569329390bbc5ca56cf7a9e0890078a4166f68c46e319741707a75027ab17768",
    "https://deno.land/x/k8s@1.27.1/index.ts": "c9f3946a87a1a2e321a408f17d3567d8ec360f9d00bc2da3b04e9afa3e526e18",
    "https://deno.land/x/k8s@1.27.1/openapi.ts": "21d22eaf5b607c1c459539024428a5e50664978d3db6f4903c9091ef639b2d0c",
    "https://deno.land/x/openapi_client@3.0.1/client.ts": "12022dfa954e5012dfa1728d58e89c8f330b9233228505385803036e52ce5df6",
    "https://deno.land/x/openapi_client@3.0.1/index.ts": "218b8f0d1cff4cc7b22abdbe960504d8e956b5fb022282e9cf89894dfc5df89f",
    "https://deno.land/x/openapi_client@3.0.1/types.ts": "d6d8cdbf9b3934a7c5b94c4944cbed683826b769e951f92dd09e8dd966155ab7",
    "https://deno.land/x/semver@v1.4.0/mod.ts": "c3e08f7f0a3e625015ecc9a46cf79a9dc3f081f3c5b3037d3c49c0773e58d265",
    "https://deno.land/x/utils@2.12.1/async_utils.ts": "e6df7fb0642215689bf848e71fa9b874f5b0e34b37c73cf7403a3c68e28d03e8",
    "https://deno.land/x/utils@2.12.1/cli_utils.ts": "31482d0421061cff8e41da41fd5887f83dcd3f5689a49317a7247de2a5386524",
    "https://deno.land/x/utils@2.12.1/deps/ajv.ts": "90025adedaf9cb8eddce324e41b7a783e863af58fd75617df425111d62750460",
    "https://deno.land/x/utils@2.12.1/deps/k8s_api.ts": "2af7b2f93074238c2c4724788dd226382b47bd72ad71ea27908cc4b16ab8bf3d",
    "https://deno.land/x/utils@2.12.1/deps/std_async.ts": "d19a09c921d8e484aaec0c7275a2428dec1dad902a1347046f4df54f2e82431c",
    "https://deno.land/x/utils@2.12.1/deps/std_flags.ts": "ae8598ac47da777500ba4133f724941ee4b7384111aa5005e8469711c56a80aa",
    "https://deno.land/x/utils@2.12.1/deps/std_io.ts": "30dd32d6c0c727cd9339ba95b09d7335f96c0f053987781060257e918310295c",
    "https://deno.land/x/utils@2.12.1/deps/std_streams.ts": "7da06da2ec356af3f26578cd7b582414985b35b5a8199a657d99a9f2488e4a60",
    "https://deno.land/x/utils@2.12.1/deps/typebox.ts": "aa9930eb50637a2fbce6779e2ab98f0cf879780c3a885f662fe8c8d5492a3270",
    "https://deno.land/x/utils@2.12.1/exec_utils.ts": "961bbb3793e4cad71630dcf036ad0efcd3fe79646afb41992d02ac79ba6ccd16",
    "https://deno.land/x/utils@2.12.1/k8s_utils.ts": "8371f1aab29a03ac7935194cb850effad0cf8992f4b38acfa3eb2fd718ac4de3",
    "https://deno.land/x/utils@2.12.1/validation_utils.ts": "2b429d8a6a8b2be81173b1e6b49b1a54aef47c2b785603cf6e6fd48209886db3",
    "https://esm.sh/ajv-formats@2.1.1?pin=v118": "37841335bea0f20df87fdb6d4da1428f7ce212d87a6e2131d73f47cb98be285d",
    "https://esm.sh/ajv@8.12.0?pin=v118": "43cf7930902db3870341f1ed2c4d5aad8b6179249f4ee67a6824d6861814d515",
    "https://esm.sh/v118/ajv-formats@2.1.1/deno/ajv-formats.mjs": "8f8a7315a92f17edff16fb90b8f7501b50489a57b652c5d2f69891ba150f98da",
    "https://esm.sh/v118/ajv-formats@2.1.1/dist/formats.d.ts": "defe2a4f8ac4348b18329903475c50e9f13b9a93a00873793605819fb8f7dbda",
    "https://esm.sh/v118/ajv-formats@2.1.1/dist/index.d.ts": "9b3c957b1793c659b1d5b5743bed1e7b5762f8317ae34ba978fdda0e2c9a6e68",
    "https://esm.sh/v118/ajv-formats@2.1.1/dist/limit.d.ts": "af163236b7172a0d99f8b8178bbb2053503b19510a878d3749102f0774addf2d",
    "https://esm.sh/v118/ajv@8.12.0/deno/ajv.mjs": "8c3c08e89afd943f2ad9ac344f0c3e1adb3e48d2a9ed7c8f096faceb9a492632",
    "https://esm.sh/v118/ajv@8.12.0/deno/dist/compile/codegen.js": "0b005efac77d2b5bacb15a391e39ac77c325ad6513946cac567e4bce413b8d77",
    "https://esm.sh/v118/ajv@8.12.0/deno/dist/compile/codegen/code.js": "aa52161908b26a1d66a4c08d651844f5473e3cc4b89b8708de29b35dd816a4a8",
    "https://esm.sh/v118/ajv@8.12.0/deno/dist/compile/codegen/scope.js": "8c2b062b5aa47a7cc08420b557acc1dd332ed7fa0596af3eb6587cab820b3dfd",
    "https://esm.sh/v118/ajv@8.12.0/dist/ajv.d.ts": "e2efa41fff63778572ae1d04dc9d62048684aa8aad6edd0218e562402ea9e0ec",
    "https://esm.sh/v118/ajv@8.12.0/dist/compile/codegen/code.d.ts": "2d225e7bda2871c066a7079c88174340950fb604f624f2586d3ea27bb9e5f4ff",
    "https://esm.sh/v118/ajv@8.12.0/dist/compile/codegen/index.d.ts": "9785e1199bae7389a92831c1f732fa72fc6f34a9c3f8948a5acfc8451e72f833",
    "https://esm.sh/v118/ajv@8.12.0/dist/compile/codegen/scope.d.ts": "4ad65126bd23e1b8fe40f5375b812676694dccc232060a53bff52ac416aef059",
    "https://esm.sh/v118/ajv@8.12.0/dist/compile/errors.d.ts": "65c56e41c3ad2867c1c179e7cb8fd4fcbb4cdaa172e2cc5242fbbfab4be089c0",
    "https://esm.sh/v118/ajv@8.12.0/dist/compile/index.d.ts": "dc63e8445111329e56e443e63cc892632015ddbfa76170e4959b4d876535285e",
    "https://esm.sh/v118/ajv@8.12.0/dist/compile/ref_error.d.ts": "b5e33c3fb8302173827cb3ee68d45c9ff45d2e8ec2a9b347ede1f0b5e00ccdf3",
    "https://esm.sh/v118/ajv@8.12.0/dist/compile/resolve.d.ts": "c6e117e55750a5a83e42c1e3b529146487308bfbd2287894ec9de76b0064c79d",
    "https://esm.sh/v118/ajv@8.12.0/dist/compile/rules.d.ts": "18e085a67ae0ea81f7d4539e8f682f0b9b150b12af9e66f7760a03356aec507f",
    "https://esm.sh/v118/ajv@8.12.0/dist/compile/util.d.ts": "3acaa483c7cf47fc5ced1473b830ec37a8f0d40238f3d96246657c970e13e6c7",
    "https://esm.sh/v118/ajv@8.12.0/dist/compile/validate/dataType.d.ts": "4f56c2ba7307d8d5749dd4b60fadab04dce7d69838e129d04c3837cb397ce5bf",
    "https://esm.sh/v118/ajv@8.12.0/dist/compile/validate/index.d.ts": "3e1bff49fa21ad6c11d06b5074fd623443dbd5db8fed3bd78411232401a0313e",
    "https://esm.sh/v118/ajv@8.12.0/dist/compile/validate/subschema.d.ts": "79ae0a30e9f503b57d8c698e40f1141de1ff05d36dc9b08bc9b3ed6fe1074f9f",
    "https://esm.sh/v118/ajv@8.12.0/dist/core.d.ts": "c0d24ae17225116e4895c1961a957acb2158c3ea3f2164ede7b726fc1112edf7",
    "https://esm.sh/v118/ajv@8.12.0/dist/runtime/validation_error.d.ts": "515ba5900e0017f5512f442a31826d4210ac782b9b6fad6dbfcab61b5f8c881f",
    "https://esm.sh/v118/ajv@8.12.0/dist/types/index.d.ts": "98fdef57cb4a87b6dc0babaca60896d685413c1086d80670baebefbfc3bb442f",
    "https://esm.sh/v118/ajv@8.12.0/dist/types/json-schema.d.ts": "6b6ed4aa017eb6867cef27257379cfe3e16caf628aceae3f0163dbafcaf891ff",
    "https://esm.sh/v118/ajv@8.12.0/dist/types/jtd-schema.d.ts": "25f1159094dc0bf3a71313a74e0885426af21c5d6564a254004f2cadf9c5b052",
    "https://esm.sh/v118/ajv@8.12.0/dist/vocabularies/applicator/additionalItems.d.ts": "810dc8272ea4023b647017ee4ff3ababce2a186c48a1e371e0fb631ed5bf9499",
    "https://esm.sh/v118/ajv@8.12.0/dist/vocabularies/applicator/additionalProperties.d.ts": "93eafd639403aca489d2a2bd26fb89b46a855a271fa3685df23d3f3cfd6c7781",
    "https://esm.sh/v118/ajv@8.12.0/dist/vocabularies/applicator/anyOf.d.ts": "3bcf9e93173ce018235392adf8ac6b9d4173b632d2fbd74e083f58c5e8dda50d",
    "https://esm.sh/v118/ajv@8.12.0/dist/vocabularies/applicator/contains.d.ts": "e271ef23f0eecaa3bc3241429c25694aab4e47d96b8bd564d68e077ca2155251",
    "https://esm.sh/v118/ajv@8.12.0/dist/vocabularies/applicator/dependencies.d.ts": "4da778139fb84dce56f1bb4ef757c17d891a9e3f0f5cff5b835ebde09ac1e956",
    "https://esm.sh/v118/ajv@8.12.0/dist/vocabularies/applicator/if.d.ts": "48955ffe23bd06877c1bbc7f364a9e80f2dae56783fbfb79c16520375c376230",
    "https://esm.sh/v118/ajv@8.12.0/dist/vocabularies/applicator/index.d.ts": "16bea08752cd2ca1eabbeb11ebddd265f4150cf171c1041e11a0501f35a49d4e",
    "https://esm.sh/v118/ajv@8.12.0/dist/vocabularies/applicator/items2020.d.ts": "263fb5e5115873391f99a45bab2e975b0483e8a45da95bdecdbec6760c127aa4",
    "https://esm.sh/v118/ajv@8.12.0/dist/vocabularies/applicator/not.d.ts": "869d7db4971ca299ff238ca0ea8b3d5cd752b449ccb6559790db0c8ad0c5dfbe",
    "https://esm.sh/v118/ajv@8.12.0/dist/vocabularies/applicator/oneOf.d.ts": "385baa5077f5878b7506ec9192fd7ab686f7fda6276b71b877ecc0424c24badb",
    "https://esm.sh/v118/ajv@8.12.0/dist/vocabularies/applicator/propertyNames.d.ts": "2b379d5bc77776abe065fab1e47f84929f6274e0e380c0c1c27a6965e7f4aabc",
    "https://esm.sh/v118/ajv@8.12.0/dist/vocabularies/discriminator/index.d.ts": "d6f1fa129cf004b83f2913b3b3094d510e77b421f87ed6ee69f5f89b493fe91b",
    "https://esm.sh/v118/ajv@8.12.0/dist/vocabularies/discriminator/types.d.ts": "cdcdcd676aa93fb9822b91569f06178c6cdcbb216f6dab289cc193ac99638838",
    "https://esm.sh/v118/ajv@8.12.0/dist/vocabularies/errors.d.ts": "673f52fa2cc7f047ab6f369d12ed82088358174fd58474329d79fa999e3ce635",
    "https://esm.sh/v118/ajv@8.12.0/dist/vocabularies/format/format.d.ts": "1fbffe88e41ab623cdd71ef300206298a6780ed9fd1abfd7d63f1892379c7e9a",
    "https://esm.sh/v118/ajv@8.12.0/dist/vocabularies/unevaluated/unevaluatedItems.d.ts": "8b9b8c5189417cda763245be14d202e1a199091f1b0b3a0f4c957bdb85ffd044",
    "https://esm.sh/v118/ajv@8.12.0/dist/vocabularies/unevaluated/unevaluatedProperties.d.ts": "4e10c976131382776b03ab8cee68e7764c9bf7db1ab9132066bb0d1f640c03fe",
    "https://esm.sh/v118/ajv@8.12.0/dist/vocabularies/validation/const.d.ts": "90985bc6fed39fd595acab2f8f91ce2274b46c9ec7f68d9624d4a677fb206ae8",
    "https://esm.sh/v118/ajv@8.12.0/dist/vocabularies/validation/dependentRequired.d.ts": "632b0af8992f86056e5571fbb148835d582332bb613c4e80fdf6719c501483c5",
    "https://esm.sh/v118/ajv@8.12.0/dist/vocabularies/validation/enum.d.ts": "15663b84b4d935e1a282269a9ac1072c96d9351c941fa959469cd1ba2419b148",
    "https://esm.sh/v118/ajv@8.12.0/dist/vocabularies/validation/index.d.ts": "d05ad2c8e4613c06e314105aaa7b43caa7a373e5f2671c51053bc9160803fbd5",
    "https://esm.sh/v118/ajv@8.12.0/dist/vocabularies/validation/limitNumber.d.ts": "3b4220c15eacf28d3732f9df3a2ad0908b9a388dc9d13c35311233f11c28dd36",
    "https://esm.sh/v118/ajv@8.12.0/dist/vocabularies/validation/multipleOf.d.ts": "a62b50d44d9c8d0e26b3b42eb90fe87ad1fad683122aa076e6f8d30fb056ad5f",
    "https://esm.sh/v118/ajv@8.12.0/dist/vocabularies/validation/pattern.d.ts": "bc7f68367bbd6bdf9ed47aae8590770c7ec7ad6d44c0de11df696162038224b1",
    "https://esm.sh/v118/ajv@8.12.0/dist/vocabularies/validation/required.d.ts": "7a14df7f7a58dd22ca4ca449f39cc0168eec566c95d9d7950e5b91da50bf4415",
    "https://esm.sh/v118/ajv@8.12.0/dist/vocabularies/validation/uniqueItems.d.ts": "9a9056c3705215ba3289f7ad913e92babeca6e53091aa8095ee85e66ee2bd089",
    "https://esm.sh/v118/fast-deep-equal@3.1.3/deno/fast-deep-equal.mjs": "64f660f95839c8707928b30f235061c623f279ba4ad4b4e739c767e84478e446",
    "https://esm.sh/v118/json-schema-traverse@1.0.0/deno/json-schema-traverse.mjs": "8efd283bc9e47460b1629905d2666102312334a073cd3ebbff19bc4ac88a0341",
    "https://esm.sh/v118/uri-js@4.4.1/deno/uri-js.mjs": "7b886b08ee81e016ce2f4d4c9e4e9759cf2c4a5d0539c4e6da14b3364312a95a",
    "https://esm.sh/v118/uri-js@4.4.1/dist/es5/uri.all.d.ts": "9f3c5498245c38c9016a369795ec5ef1768d09db63643c8dba9656e5ab294825",
    "https://raw.githubusercontent.com/shopstic/ts-shell-quote/2.0.0/index.ts": "bf1659b1d05f4bbdb2ebd081be7f1b06d225dbac078ffe1fd853f602e4cbd5e1",
    "https://raw.githubusercontent.com/shopstic/typebox/0.23.3/src/typebox.ts": "262a7c504d57e11e9462a7a46b867ae6a726641083eadceab7c31fc68d4c113a"
  }
}
