{
  "nodes": {
    "flakeUtils": {
      "locked": {
        "lastModified": 1637014545,
        "narHash": "sha256-26IZAc5yzlD9FlDT54io1oqG/bBoyka+FJk5guaX4x4=",
        "owner": "numtide",
        "repo": "flake-utils",
        "rev": "bba5dcc8e0b20ab664967ad83d24d64cb64ec4f4",
        "type": "github"
      },
      "original": {
        "owner": "numtide",
        "repo": "flake-utils",
        "type": "github"
      }
    },
    "nixHotPot": {
      "inputs": {
        "flakeUtils": [
          "flakeUtils"
        ],
        "nixpkgs": [
          "nixpkgs"
        ]
      },
      "locked": {
        "lastModified": 1637734968,
        "narHash": "sha256-9EKqFNJdBzla4KYchfIKGR6uByVbOMnqKjpBPxVEkI0=",
        "owner": "shopstic",
        "repo": "nix-hot-pot",
        "rev": "aa6584fdfd779c76a4b74ba622df0d9e87af14eb",
        "type": "github"
      },
      "original": {
        "owner": "shopstic",
        "repo": "nix-hot-pot",
        "type": "github"
      }
    },
    "nixpkgs": {
      "locked": {
        "lastModified": 1636637818,
        "narHash": "sha256-hC117rP0yLZIMHlrLsgoM9yUBXX/pIPITAfmesuk3sM=",
        "owner": "nixos",
        "repo": "nixpkgs",
        "rev": "29830319abf5a925921885974faae5509312b940",
        "type": "github"
      },
      "original": {
        "owner": "nixos",
        "repo": "nixpkgs",
        "rev": "29830319abf5a925921885974faae5509312b940",
        "type": "github"
      }
    },
    "root": {
      "inputs": {
        "flakeUtils": "flakeUtils",
        "nixHotPot": "nixHotPot",
        "nixpkgs": "nixpkgs"
      }
    }
  },
  "root": "root",
  "version": 7
}
